
Microsoft Visual Studio Solution File, Format Version 11.00
# Visual C# Express 2010
Project("{FAE04EC0-301F-11D3-BF4B-00C04F79EFBC}") = "Test32", "Test32\Test32.csproj", "{BCC048D1-82CA-45CC-A475-E0D1604B2F26}"
EndProject
Global
	GlobalSection(SolutionConfigurationPlatforms) = preSolution
		Debug|Any CPU = Debug|Any CPU
		Release|Any CPU = Release|Any CPU
	EndGlobalSection
	GlobalSection(ProjectConfigurationPlatforms) = postSolution
		{BCC048D1-82CA-45CC-A475-E0D1604B2F26}.Debug|Any CPU.ActiveCfg = Debug|Any CPU
		{BCC048D1-82CA-45CC-A475-E0D1604B2F26}.Debug|Any CPU.Build.0 = Debug|Any CPU
		{BCC048D1-82CA-45CC-A475-E0D1604B2F26}.Debug|Any CPU.Deploy.0 = Debug|Any CPU
		{BCC048D1-82CA-45CC-A475-E0D1604B2F26}.Release|Any CPU.ActiveCfg = Release|Any CPU
		{BCC048D1-82CA-45CC-A475-E0D1604B2F26}.Release|Any CPU.Build.0 = Release|Any CPU
		{BCC048D1-82CA-45CC-A475-E0D1604B2F26}.Release|Any CPU.Deploy.0 = Release|Any CPU
	EndGlobalSection
	GlobalSection(SolutionProperties) = preSolution
		HideSolutionNode = FALSE
	EndGlobalSection
EndGlobal
