
Microsoft Visual Studio Solution File, Format Version 11.00
# Visual C# Express 2010
Project("{FAE04EC0-301F-11D3-BF4B-00C04F79EFBC}") = "Advanced", "Advanced\Advanced.csproj", "{A1427B3A-38AE-438D-9CB3-67B84EB78400}"
EndProject
Global
	GlobalSection(SolutionConfigurationPlatforms) = preSolution
		Debug|Any CPU = Debug|Any CPU
		Release|Any CPU = Release|Any CPU
	EndGlobalSection
	GlobalSection(ProjectConfigurationPlatforms) = postSolution
		{A1427B3A-38AE-438D-9CB3-67B84EB78400}.Debug|Any CPU.ActiveCfg = Debug|Any CPU
		{A1427B3A-38AE-438D-9CB3-67B84EB78400}.Debug|Any CPU.Build.0 = Debug|Any CPU
		{A1427B3A-38AE-438D-9CB3-67B84EB78400}.Debug|Any CPU.Deploy.0 = Debug|Any CPU
		{A1427B3A-38AE-438D-9CB3-67B84EB78400}.Release|Any CPU.ActiveCfg = Release|Any CPU
		{A1427B3A-38AE-438D-9CB3-67B84EB78400}.Release|Any CPU.Build.0 = Release|Any CPU
		{A1427B3A-38AE-438D-9CB3-67B84EB78400}.Release|Any CPU.Deploy.0 = Release|Any CPU
	EndGlobalSection
	GlobalSection(SolutionProperties) = preSolution
		HideSolutionNode = FALSE
	EndGlobalSection
EndGlobal
